
Microsoft Visual Studio Solution File, Format Version 12.00
# Visual Studio 15
VisualStudioVersion = 15.0.27130.2026
MinimumVisualStudioVersion = 10.0.40219.1
Project("{9A19103F-16F7-4668-BE54-9A1E7A4F7556}") = "DeviceReader", "DeviceReader\DeviceReader.csproj", "{4ED20691-9103-439E-87F4-477B972E37DB}"
EndProject
Project("{9A19103F-16F7-4668-BE54-9A1E7A4F7556}") = "SimpleHttpPoller", "SimpleHttpPoller\SimpleHttpPoller.csproj", "{53E398D5-EF13-472B-9426-3C6E51C30CE8}"
EndProject
Project("{9A19103F-16F7-4668-BE54-9A1E7A4F7556}") = "DTOXmlParser", "DTOXmlParser\DTOXmlParser.csproj", "{4DB29FBA-F25E-4306-91C8-BA4D108BE7A8}"
EndProject
Project("{9A19103F-16F7-4668-BE54-9A1E7A4F7556}") = "EventHubConsumerTest", "EventHubConsumerTest\EventHubConsumerTest.csproj", "{C03C2133-54FA-45A1-AA62-21EFFE00CCDE}"
EndProject
Project("{9A19103F-16F7-4668-BE54-9A1E7A4F7556}") = "ME14Server", "ME14Server\ME14Server.csproj", "{6EB9C540-A4F1-4EBD-98B1-59932CDF4B4A}"
EndProject
Project("{9A19103F-16F7-4668-BE54-9A1E7A4F7556}") = "ME14Client", "ME14Client\ME14Client.csproj", "{0EF515B0-47A7-4407-AA0E-B2DB2E305A5F}"
EndProject
Project("{9A19103F-16F7-4668-BE54-9A1E7A4F7556}") = "ME14Parser", "ME14Parser\ME14Parser.csproj", "{C3DF69C1-933F-40AF-AB2D-0F19186A2161}"
EndProject
Project("{9A19103F-16F7-4668-BE54-9A1E7A4F7556}") = "DeviceReader.Tests", "DeviceReader.Tests\DeviceReader.Tests.csproj", "{9E700147-41D7-4265-A71E-A93A69E3299F}"
EndProject
Project("{9A19103F-16F7-4668-BE54-9A1E7A4F7556}") = "DeviceReader.WebService", "DeviceReader.WebService\DeviceReader.WebService.csproj", "{A7D2898A-6197-4432-A091-B525B28CDCE0}"
EndProject
Project("{2150E333-8FDC-42A3-9474-1A3956D46DE8}") = "Solution Items", "Solution Items", "{5B66E928-3E47-440B-9B04-86456705414E}"
	ProjectSection(SolutionItems) = preProject
		.env = .env
		.env.instance = .env.instance
		.env.instance.example = .env.instance.example
		.env.secure = .env.secure
		.env.secure.example = .env.secure.example
		Performance1.psess = Performance1.psess
		kubernetes\PersistentVolumeClaim.yaml = kubernetes\PersistentVolumeClaim.yaml
		kubernetes\Pod.yaml = kubernetes\Pod.yaml
		README.md = README.md
		kubernetes\Secrets.example.yaml = kubernetes\Secrets.example.yaml
		kubernetes\Secrets.yaml = kubernetes\Secrets.yaml
		kubernetes\steps.txt = kubernetes\steps.txt
		kubernetes\StorageClass.yaml = kubernetes\StorageClass.yaml
	EndProjectSection
EndProject
Project("{9A19103F-16F7-4668-BE54-9A1E7A4F7556}") = "Research.Webservice.Auth", "Research.Webservice.Auth\Research.Webservice.Auth.csproj", "{02B3D122-17E6-4E61-AA65-9845A913373E}"
EndProject
Project("{9A19103F-16F7-4668-BE54-9A1E7A4F7556}") = "DeviceReader.Authentication.Anonymous", "DeviceReader.Authentication.Anonynous\DeviceReader.Authentication.Anonymous.csproj", "{07362A88-AD91-45AF-9A76-B4224F7BDFBB}"
EndProject
Project("{E53339B2-1760-4266-BCC7-CA923CBCF16C}") = "docker-compose", "docker-compose.dcproj", "{93DE9611-4790-46F1-BEE3-51B2144CF60C}"
EndProject
Project("{2150E333-8FDC-42A3-9474-1A3956D46DE8}") = "Kubernetes", "Kubernetes", "{2F715561-BDA9-4E8A-9D3B-BBD3DE9EF00C}"
	ProjectSection(SolutionItems) = preProject
		.env.instance.example = .env.instance.example
		.env.secure.example = .env.secure.example
		.env.storageaccount.example = .env.storageaccount.example
		kubernetes\ME14Server.yaml = kubernetes\ME14Server.yaml
		kubernetes\PersistentVolume.yaml = kubernetes\PersistentVolume.yaml
		kubernetes\PersistentVolumeClaim.yaml = kubernetes\PersistentVolumeClaim.yaml
		kubernetes\Pod.yaml = kubernetes\Pod.yaml
		kubernetes\Secrets.example.yaml = kubernetes\Secrets.example.yaml
		kubernetes\Secrets.yaml = kubernetes\Secrets.yaml
		kubernetes\steps.txt = kubernetes\steps.txt
		kubernetes\StorageClass.yaml = kubernetes\StorageClass.yaml
	EndProjectSection
EndProject
Project("{E6C563F2-BDC2-4A24-ACBF-01715157DCBB}") = "mnt-iot-devjob", "mnt-iot-devjob\mnt-iot-devjob.asaproj", "{D752CD54-709B-467B-AA05-2440FA38A8FD}"
EndProject
Project("{9A19103F-16F7-4668-BE54-9A1E7A4F7556}") = "DeviceReader.Protocols.UMB", "DeviceReader.Protocols.UMB\DeviceReader.Protocols.UMB.csproj", "{DA70236A-E8B1-4FF7-8FF3-67387B9D6632}"
EndProject
Project("{9A19103F-16F7-4668-BE54-9A1E7A4F7556}") = "DeviceReader.Protocols.UMB.Tests", "DeviceReader.Protocol.UMB.Tests\DeviceReader.Protocols.UMB.Tests.csproj", "{863E3DE3-F074-4D8A-858B-638AA3CA0BB1}"
EndProject
Project("{9A19103F-16F7-4668-BE54-9A1E7A4F7556}") = "doc", "doc\doc.csproj", "{4185D455-14CB-47E7-969A-2095BCC086A0}"
EndProject
Global
	GlobalSection(SolutionConfigurationPlatforms) = preSolution
		Debug|Any CPU = Debug|Any CPU
		Release|Any CPU = Release|Any CPU
	EndGlobalSection
	GlobalSection(ProjectConfigurationPlatforms) = postSolution
		{4ED20691-9103-439E-87F4-477B972E37DB}.Debug|Any CPU.ActiveCfg = Debug|Any CPU
		{4ED20691-9103-439E-87F4-477B972E37DB}.Debug|Any CPU.Build.0 = Debug|Any CPU
		{4ED20691-9103-439E-87F4-477B972E37DB}.Release|Any CPU.ActiveCfg = Release|Any CPU
		{4ED20691-9103-439E-87F4-477B972E37DB}.Release|Any CPU.Build.0 = Release|Any CPU
		{53E398D5-EF13-472B-9426-3C6E51C30CE8}.Debug|Any CPU.ActiveCfg = Debug|Any CPU
		{53E398D5-EF13-472B-9426-3C6E51C30CE8}.Debug|Any CPU.Build.0 = Debug|Any CPU
		{53E398D5-EF13-472B-9426-3C6E51C30CE8}.Release|Any CPU.ActiveCfg = Release|Any CPU
		{53E398D5-EF13-472B-9426-3C6E51C30CE8}.Release|Any CPU.Build.0 = Release|Any CPU
		{4DB29FBA-F25E-4306-91C8-BA4D108BE7A8}.Debug|Any CPU.ActiveCfg = Debug|Any CPU
		{4DB29FBA-F25E-4306-91C8-BA4D108BE7A8}.Debug|Any CPU.Build.0 = Debug|Any CPU
		{4DB29FBA-F25E-4306-91C8-BA4D108BE7A8}.Release|Any CPU.ActiveCfg = Release|Any CPU
		{4DB29FBA-F25E-4306-91C8-BA4D108BE7A8}.Release|Any CPU.Build.0 = Release|Any CPU
		{C03C2133-54FA-45A1-AA62-21EFFE00CCDE}.Debug|Any CPU.ActiveCfg = Debug|Any CPU
		{C03C2133-54FA-45A1-AA62-21EFFE00CCDE}.Debug|Any CPU.Build.0 = Debug|Any CPU
		{C03C2133-54FA-45A1-AA62-21EFFE00CCDE}.Release|Any CPU.ActiveCfg = Release|Any CPU
		{C03C2133-54FA-45A1-AA62-21EFFE00CCDE}.Release|Any CPU.Build.0 = Release|Any CPU
		{6EB9C540-A4F1-4EBD-98B1-59932CDF4B4A}.Debug|Any CPU.ActiveCfg = Debug|Any CPU
		{6EB9C540-A4F1-4EBD-98B1-59932CDF4B4A}.Debug|Any CPU.Build.0 = Debug|Any CPU
		{6EB9C540-A4F1-4EBD-98B1-59932CDF4B4A}.Release|Any CPU.ActiveCfg = Release|Any CPU
		{6EB9C540-A4F1-4EBD-98B1-59932CDF4B4A}.Release|Any CPU.Build.0 = Release|Any CPU
		{0EF515B0-47A7-4407-AA0E-B2DB2E305A5F}.Debug|Any CPU.ActiveCfg = Debug|Any CPU
		{0EF515B0-47A7-4407-AA0E-B2DB2E305A5F}.Debug|Any CPU.Build.0 = Debug|Any CPU
		{0EF515B0-47A7-4407-AA0E-B2DB2E305A5F}.Release|Any CPU.ActiveCfg = Release|Any CPU
		{0EF515B0-47A7-4407-AA0E-B2DB2E305A5F}.Release|Any CPU.Build.0 = Release|Any CPU
		{C3DF69C1-933F-40AF-AB2D-0F19186A2161}.Debug|Any CPU.ActiveCfg = Debug|Any CPU
		{C3DF69C1-933F-40AF-AB2D-0F19186A2161}.Debug|Any CPU.Build.0 = Debug|Any CPU
		{C3DF69C1-933F-40AF-AB2D-0F19186A2161}.Release|Any CPU.ActiveCfg = Release|Any CPU
		{C3DF69C1-933F-40AF-AB2D-0F19186A2161}.Release|Any CPU.Build.0 = Release|Any CPU
		{9E700147-41D7-4265-A71E-A93A69E3299F}.Debug|Any CPU.ActiveCfg = Debug|Any CPU
		{9E700147-41D7-4265-A71E-A93A69E3299F}.Debug|Any CPU.Build.0 = Debug|Any CPU
		{9E700147-41D7-4265-A71E-A93A69E3299F}.Release|Any CPU.ActiveCfg = Release|Any CPU
		{9E700147-41D7-4265-A71E-A93A69E3299F}.Release|Any CPU.Build.0 = Release|Any CPU
		{A7D2898A-6197-4432-A091-B525B28CDCE0}.Debug|Any CPU.ActiveCfg = Debug|Any CPU
		{A7D2898A-6197-4432-A091-B525B28CDCE0}.Debug|Any CPU.Build.0 = Debug|Any CPU
		{A7D2898A-6197-4432-A091-B525B28CDCE0}.Release|Any CPU.ActiveCfg = Release|Any CPU
		{A7D2898A-6197-4432-A091-B525B28CDCE0}.Release|Any CPU.Build.0 = Release|Any CPU
		{02B3D122-17E6-4E61-AA65-9845A913373E}.Debug|Any CPU.ActiveCfg = Debug|Any CPU
		{02B3D122-17E6-4E61-AA65-9845A913373E}.Debug|Any CPU.Build.0 = Debug|Any CPU
		{02B3D122-17E6-4E61-AA65-9845A913373E}.Release|Any CPU.ActiveCfg = Release|Any CPU
		{02B3D122-17E6-4E61-AA65-9845A913373E}.Release|Any CPU.Build.0 = Release|Any CPU
		{07362A88-AD91-45AF-9A76-B4224F7BDFBB}.Debug|Any CPU.ActiveCfg = Debug|Any CPU
		{07362A88-AD91-45AF-9A76-B4224F7BDFBB}.Debug|Any CPU.Build.0 = Debug|Any CPU
		{07362A88-AD91-45AF-9A76-B4224F7BDFBB}.Release|Any CPU.ActiveCfg = Release|Any CPU
		{07362A88-AD91-45AF-9A76-B4224F7BDFBB}.Release|Any CPU.Build.0 = Release|Any CPU
		{93DE9611-4790-46F1-BEE3-51B2144CF60C}.Debug|Any CPU.ActiveCfg = Debug|Any CPU
		{93DE9611-4790-46F1-BEE3-51B2144CF60C}.Debug|Any CPU.Build.0 = Debug|Any CPU
		{93DE9611-4790-46F1-BEE3-51B2144CF60C}.Release|Any CPU.ActiveCfg = Release|Any CPU
		{93DE9611-4790-46F1-BEE3-51B2144CF60C}.Release|Any CPU.Build.0 = Release|Any CPU
		{D752CD54-709B-467B-AA05-2440FA38A8FD}.Debug|Any CPU.ActiveCfg = Debug|Any CPU
		{D752CD54-709B-467B-AA05-2440FA38A8FD}.Debug|Any CPU.Build.0 = Debug|Any CPU
		{D752CD54-709B-467B-AA05-2440FA38A8FD}.Release|Any CPU.ActiveCfg = Release|Any CPU
		{D752CD54-709B-467B-AA05-2440FA38A8FD}.Release|Any CPU.Build.0 = Release|Any CPU
		{DA70236A-E8B1-4FF7-8FF3-67387B9D6632}.Debug|Any CPU.ActiveCfg = Debug|Any CPU
		{DA70236A-E8B1-4FF7-8FF3-67387B9D6632}.Debug|Any CPU.Build.0 = Debug|Any CPU
		{DA70236A-E8B1-4FF7-8FF3-67387B9D6632}.Release|Any CPU.ActiveCfg = Release|Any CPU
		{DA70236A-E8B1-4FF7-8FF3-67387B9D6632}.Release|Any CPU.Build.0 = Release|Any CPU
		{863E3DE3-F074-4D8A-858B-638AA3CA0BB1}.Debug|Any CPU.ActiveCfg = Debug|Any CPU
		{863E3DE3-F074-4D8A-858B-638AA3CA0BB1}.Debug|Any CPU.Build.0 = Debug|Any CPU
		{863E3DE3-F074-4D8A-858B-638AA3CA0BB1}.Release|Any CPU.ActiveCfg = Release|Any CPU
		{863E3DE3-F074-4D8A-858B-638AA3CA0BB1}.Release|Any CPU.Build.0 = Release|Any CPU
		{4185D455-14CB-47E7-969A-2095BCC086A0}.Debug|Any CPU.ActiveCfg = Debug|Any CPU
		{4185D455-14CB-47E7-969A-2095BCC086A0}.Debug|Any CPU.Build.0 = Debug|Any CPU
		{4185D455-14CB-47E7-969A-2095BCC086A0}.Release|Any CPU.ActiveCfg = Release|Any CPU
		{4185D455-14CB-47E7-969A-2095BCC086A0}.Release|Any CPU.Build.0 = Release|Any CPU
	EndGlobalSection
	GlobalSection(SolutionProperties) = preSolution
		HideSolutionNode = FALSE
	EndGlobalSection
	GlobalSection(NestedProjects) = preSolution
		{2F715561-BDA9-4E8A-9D3B-BBD3DE9EF00C} = {5B66E928-3E47-440B-9B04-86456705414E}
	EndGlobalSection
	GlobalSection(ExtensibilityGlobals) = postSolution
		SolutionGuid = {2AECE74F-13AA-45A8-A7D1-991019DC924C}
	EndGlobalSection
	GlobalSection(Performance) = preSolution
		HasPerformanceSessions = true
	EndGlobalSection
	GlobalSection(Performance) = preSolution
		HasPerformanceSessions = true
	EndGlobalSection
	GlobalSection(Performance) = preSolution
		HasPerformanceSessions = true
	EndGlobalSection
	GlobalSection(Performance) = preSolution
		HasPerformanceSessions = true
	EndGlobalSection
	GlobalSection(Performance) = preSolution
		HasPerformanceSessions = true
	EndGlobalSection
EndGlobal
