
Microsoft Visual Studio Solution File, Format Version 12.00
# Visual Studio 15
VisualStudioVersion = 15.0.27130.2026
MinimumVisualStudioVersion = 10.0.40219.1
Project("{FAE04EC0-301F-11D3-BF4B-00C04F79EFBC}") = "DeviceReader", "DeviceReader\DeviceReader.csproj", "{4ED20691-9103-439E-87F4-477B972E37DB}"
EndProject
Global
	GlobalSection(SolutionConfigurationPlatforms) = preSolution
		Debug|Any CPU = Debug|Any CPU
		Release|Any CPU = Release|Any CPU
	EndGlobalSection
	GlobalSection(ProjectConfigurationPlatforms) = postSolution
		{4ED20691-9103-439E-87F4-477B972E37DB}.Debug|Any CPU.ActiveCfg = Debug|Any CPU
		{4ED20691-9103-439E-87F4-477B972E37DB}.Debug|Any CPU.Build.0 = Debug|Any CPU
		{4ED20691-9103-439E-87F4-477B972E37DB}.Release|Any CPU.ActiveCfg = Release|Any CPU
		{4ED20691-9103-439E-87F4-477B972E37DB}.Release|Any CPU.Build.0 = Release|Any CPU
	EndGlobalSection
	GlobalSection(SolutionProperties) = preSolution
		HideSolutionNode = FALSE
	EndGlobalSection
	GlobalSection(ExtensibilityGlobals) = postSolution
		SolutionGuid = {2AECE74F-13AA-45A8-A7D1-991019DC924C}
	EndGlobalSection
EndGlobal
